Microsoft Visual Studio Solution File, Format Version 11.00
# Visual Studio 2010
Project("{FAE04EC0-301F-11D3-BF4B-00C04F79EFBC}") = "Assembly-CSharp", "Assembly-CSharp.csproj", "{305C4942-D5E7-8403-AB59-7C51EF886F23}"
EndProject
Project("{FAE04EC0-301F-11D3-BF4B-00C04F79EFBC}") = "Assembly-CSharp-Editor", "Assembly-CSharp-Editor.csproj", "{4D0A4210-0F4B-9AD2-2E16-F1F086A2816B}"
EndProject
Global
	GlobalSection(SolutionConfigurationPlatforms) = preSolution
		Debug|Any CPU = Debug|Any CPU
		Release|Any CPU = Release|Any CPU
	EndGlobalSection
	GlobalSection(ProjectConfigurationPlatforms) = postSolution
		{305C4942-D5E7-8403-AB59-7C51EF886F23}.Debug|Any CPU.ActiveCfg = Debug|Any CPU
		{305C4942-D5E7-8403-AB59-7C51EF886F23}.Debug|Any CPU.Build.0 = Debug|Any CPU
		{305C4942-D5E7-8403-AB59-7C51EF886F23}.Release|Any CPU.ActiveCfg = Release|Any CPU
		{305C4942-D5E7-8403-AB59-7C51EF886F23}.Release|Any CPU.Build.0 = Release|Any CPU
		{4D0A4210-0F4B-9AD2-2E16-F1F086A2816B}.Debug|Any CPU.ActiveCfg = Debug|Any CPU
		{4D0A4210-0F4B-9AD2-2E16-F1F086A2816B}.Debug|Any CPU.Build.0 = Debug|Any CPU
		{4D0A4210-0F4B-9AD2-2E16-F1F086A2816B}.Release|Any CPU.ActiveCfg = Release|Any CPU
		{4D0A4210-0F4B-9AD2-2E16-F1F086A2816B}.Release|Any CPU.Build.0 = Release|Any CPU
	EndGlobalSection
	GlobalSection(SolutionProperties) = preSolution
		HideSolutionNode = FALSE
	EndGlobalSection
	GlobalSection(MonoDevelopProperties) = preSolution
		StartupItem = Assembly-CSharp.csproj
	EndGlobalSection
EndGlobal
